<?xml version="1.0" encoding="utf-8"?>
<Project ToolsVersion="4.0" xmlns="http://schemas.microsoft.com/developer/msbuild/2003">
  <ItemGroup>
    <Filter Include="源文件">
      <UniqueIdentifier>{4FC737F1-C7A5-4376-A066-2A32D752A2FF}</UniqueIdentifier>
      <Extensions>cpp;c;cc;cxx;def;odl;idl;hpj;bat;asm;asmx</Extensions>
    </Filter>
    <Filter Include="头文件">
      <UniqueIdentifier>{93995380-89BD-4b04-88EB-625FBE52EBFB}</UniqueIdentifier>
      <Extensions>h;hh;hpp;hxx;hm;inl;inc;xsd</Extensions>
    </Filter>
    <Filter Include="资源文件">
      <UniqueIdentifier>{67DA6AB6-F800-4c08-8B7A-83BB121AAD01}</UniqueIdentifier>
      <Extensions>rc;ico;cur;bmp;dlg;rc2;rct;bin;rgs;gif;jpg;jpeg;jpe;resx;tiff;tif;png;wav;mfcribbon-ms</Extensions>
    </Filter>
    <Filter Include="TinyEngine">
      <UniqueIdentifier>{e087f263-fb1c-4c96-9eaf-a85edc769c4f}</UniqueIdentifier>
    </Filter>
    <Filter Include="头文件\Menu">
      <UniqueIdentifier>{fca2f5dd-793b-49e3-a6dd-d4c8d43e9bcc}</UniqueIdentifier>
    </Filter>
    <Filter Include="源文件\Menu">
      <UniqueIdentifier>{9ad9bdf9-7de0-4f5f-9cc3-1255fdfbdae0}</UniqueIdentifier>
    </Filter>
  </ItemGroup>
  <ItemGroup>
    <ClCompile Include="TinyEngine\T_AI.cpp">
      <Filter>TinyEngine</Filter>
    </ClCompile>
    <ClCompile Include="TinyEngine\T_Audio.cpp">
      <Filter>TinyEngine</Filter>
    </ClCompile>
    <ClCompile Include="TinyEngine\T_Display.cpp">
      <Filter>TinyEngine</Filter>
    </ClCompile>
    <ClCompile Include="TinyEngine\T_Engine.cpp">
      <Filter>TinyEngine</Filter>
    </ClCompile>
    <ClCompile Include="TinyEngine\T_Graph.cpp">
      <Filter>TinyEngine</Filter>
    </ClCompile>
    <ClCompile Include="TinyEngine\T_Map.cpp">
      <Filter>TinyEngine</Filter>
    </ClCompile>
    <ClCompile Include="TinyEngine\T_Menu.cpp">
      <Filter>TinyEngine</Filter>
    </ClCompile>
    <ClCompile Include="TinyEngine\T_Scene.cpp">
      <Filter>TinyEngine</Filter>
    </ClCompile>
    <ClCompile Include="TinyEngine\T_Sprite.cpp">
      <Filter>TinyEngine</Filter>
    </ClCompile>
    <ClCompile Include="TinyEngine\T_Util.cpp">
      <Filter>TinyEngine</Filter>
    </ClCompile>
    <ClCompile Include="Game.cpp">
      <Filter>源文件</Filter>
    </ClCompile>
    <ClCompile Include="main.cpp">
      <Filter>源文件</Filter>
    </ClCompile>
    <ClCompile Include="MainMenu.cpp">
      <Filter>源文件\Menu</Filter>
    </ClCompile>
  </ItemGroup>
  <ItemGroup>
    <ClInclude Include="TinyEngine\T_AI.h">
      <Filter>TinyEngine</Filter>
    </ClInclude>
    <ClInclude Include="TinyEngine\T_Audio.h">
      <Filter>TinyEngine</Filter>
    </ClInclude>
    <ClInclude Include="TinyEngine\T_Config.h">
      <Filter>TinyEngine</Filter>
    </ClInclude>
    <ClInclude Include="TinyEngine\T_Display.h">
      <Filter>TinyEngine</Filter>
    </ClInclude>
    <ClInclude Include="TinyEngine\T_Engine.h">
      <Filter>TinyEngine</Filter>
    </ClInclude>
    <ClInclude Include="TinyEngine\T_Graph.h">
      <Filter>TinyEngine</Filter>
    </ClInclude>
    <ClInclude Include="TinyEngine\T_Layer.h">
      <Filter>TinyEngine</Filter>
    </ClInclude>
    <ClInclude Include="TinyEngine\T_Map.h">
      <Filter>TinyEngine</Filter>
    </ClInclude>
    <ClInclude Include="TinyEngine\T_Menu.h">
      <Filter>TinyEngine</Filter>
    </ClInclude>
    <ClInclude Include="TinyEngine\T_Scene.h">
      <Filter>TinyEngine</Filter>
    </ClInclude>
    <ClInclude Include="TinyEngine\T_Sprite.h">
      <Filter>TinyEngine</Filter>
    </ClInclude>
    <ClInclude Include="TinyEngine\T_Util.h">
      <Filter>TinyEngine</Filter>
    </ClInclude>
    <ClInclude Include="Game.h">
      <Filter>头文件</Filter>
    </ClInclude>
    <ClInclude Include="resource.h">
      <Filter>头文件</Filter>
    </ClInclude>
    <ClInclude Include="MainMenu.h">
      <Filter>头文件\Menu</Filter>
    </ClInclude>
  </ItemGroup>
  <ItemGroup>
    <ResourceCompile Include="PlantsVSZombies.rc">
      <Filter>资源文件</Filter>
    </ResourceCompile>
  </ItemGroup>
  <ItemGroup>
    <Image Include="res\ico\Plants_vs_Zombies.ico">
      <Filter>资源文件</Filter>
    </Image>
  </ItemGroup>
</Project>